PODS:
  - Alamofire (4.7.0)
  - CDNThumbnailKit (1.0.0):
    - ReachabilitySwift
  - Nimble (7.0.3)
  - Quick (1.2.0)
  - ReachabilitySwift (4.1.0)

DEPENDENCIES:
  - Alamofire
  - CDNThumbnailKit (from `../`)
  - Nimble
  - Quick

SPEC REPOS:
  https://github.com/CocoaPods/Specs.git:
    - Alamofire
    - Nimble
    - Quick
    - ReachabilitySwift

EXTERNAL SOURCES:
  CDNThumbnailKit:
    :path: "../"

SPEC CHECKSUMS:
  Alamofire: 907e0a98eb68cdb7f9d1f541a563d6ac5dc77b25
  CDNThumbnailKit: add4bc39b839073c4a12c41f3061da60a9881849
  Nimble: 7f5a9c447a33002645a071bddafbfb24ea70e0ac
  Quick: 58d203b1c5e27fff7229c4c1ae445ad7069a7a08
  ReachabilitySwift: 6849231cd4e06559f3b9ef4a97a0a0f96d41e09f

PODFILE CHECKSUM: 188a23bf620b86fbdb477a3ae4fe56886d89419c

COCOAPODS: 1.5.0
